Microsoft Visual Studio Solution File, Format Version 12.00
# Visual Studio Version 17
VisualStudioVersion = 17.5.2.0
MinimumVisualStudioVersion = 10.0.40219.1
Project("{FAE04EC0-301F-11D3-BF4B-00C04F79EFBC}") = "EjemploBranch", "EjemploBranch\EjemploBranch.csproj", "{92BA417A-BE21-0970-9330-7BD0026564D6}"
EndProject
Global
	GlobalSection(SolutionConfigurationPlatforms) = preSolution
		Debug|Any CPU = Debug|Any CPU
		Release|Any CPU = Release|Any CPU
	EndGlobalSection
	GlobalSection(ProjectConfigurationPlatforms) = postSolution
		{92BA417A-BE21-0970-9330-7BD0026564D6}.Debug|Any CPU.ActiveCfg = Debug|Any CPU
		{92BA417A-BE21-0970-9330-7BD0026564D6}.Debug|Any CPU.Build.0 = Debug|Any CPU
		{92BA417A-BE21-0970-9330-7BD0026564D6}.Release|Any CPU.ActiveCfg = Release|Any CPU
		{92BA417A-BE21-0970-9330-7BD0026564D6}.Release|Any CPU.Build.0 = Release|Any CPU
	EndGlobalSection
	GlobalSection(SolutionProperties) = preSolution
		HideSolutionNode = FALSE
	EndGlobalSection
	GlobalSection(ExtensibilityGlobals) = postSolution
		SolutionGuid = {FCEC28EA-1E56-4125-99E2-133D681B0241}
	EndGlobalSection
EndGlobal
